schema: '2.0'
stages:
  data_ingestion:
    cmd: python src/data/data_ingestion.py
    deps:
    - path: src/data/data_ingestion.py
      hash: md5
      md5: 50a8e3889b0444b0c1332f8af4e2c179
      size: 3537
    params:
      params.yaml:
        data_ingestion.test_size: 0.25
    outs:
    - path: data/raw
      hash: md5
      md5: d06c11870aad9f99b790c8ef55fdc977.dir
      size: 670895
      nfiles: 2
  data_preprocessing:
    cmd: python src/data/data_preprocessing.py
    deps:
    - path: data/raw
      hash: md5
      md5: d06c11870aad9f99b790c8ef55fdc977.dir
      size: 670895
      nfiles: 2
    - path: src/data/data_preprocessing.py
      hash: md5
      md5: a0d0986f1695b3e851d0f37dad4451b8
      size: 2909
    outs:
    - path: data/interim
      hash: md5
      md5: a061f7994231943bdeb23b5196adcd89.dir
      size: 414874
      nfiles: 2
  feature_engineering:
    cmd: python src/features/feature_engineering.py
    deps:
    - path: data/interim
      hash: md5
      md5: a061f7994231943bdeb23b5196adcd89.dir
      size: 414874
      nfiles: 2
    - path: src/features/feature_engineering.py
      hash: md5
      md5: cfaf71fa8bd1fae8af5abc3cbbe3387b
      size: 3447
    params:
      params.yaml:
        feature_engineering.max_features: 50
    outs:
    - path: data/processed
      hash: md5
      md5: db8b30c10e6b2ab5357aec1b048c3585.dir
      size: 51888
      nfiles: 2
    - path: models/vectorizer.pkl
      hash: md5
      md5: debd8f96880a4f5e96886a0a71eb2ce5
      size: 1659
  model_building:
    cmd: python src/model/model_building.py
    deps:
    - path: data/processed
      hash: md5
      md5: db8b30c10e6b2ab5357aec1b048c3585.dir
      size: 51888
      nfiles: 2
    - path: src/model/model_building.py
      hash: md5
      md5: 5262c77711462ba3ee484a3828aa413f
      size: 1859
    outs:
    - path: models/model.pkl
      hash: md5
      md5: a1e495ea53a04c5e6534608ff5e9d054
      size: 1114
  model_evaluation:
    cmd: python src/model/model_evaluation.py
    deps:
    - path: models/model.pkl
      hash: md5
      md5: a1e495ea53a04c5e6534608ff5e9d054
      size: 1114
    - path: src/model/model_evaluation.py
      hash: md5
      md5: 7c92977ecdb6d6d56defd1e82b71d6b8
      size: 5562
    outs:
    - path: reports/experiment_info.json
      hash: md5
      md5: d74dc9882ae3500fdbad219a1cb529a6
      size: 82
    - path: reports/metrics.json
      hash: md5
      md5: 8af15cc5cf3cfab38221d9d6215deb83
      size: 132
  model_registration:
    cmd: python src/model/register_model.py
    deps:
    - path: reports/experiment_info.json
      hash: md5
      md5: d74dc9882ae3500fdbad219a1cb529a6
      size: 82
    - path: src/model/register_model.py
      hash: md5
      md5: e413dae9e6b0bcecca72d4ae2ea94acf
      size: 3146
